// !$*UTF8*$!
{
	archiveVersion = 1;
	classes = {
	};
	objectVersion = 56;
	objects = {

/* Begin PBXBuildFile section */
		13093E782F6CFB3800F61090 /* DigiMaliApp.swift in Sources */ = {isa = PBXBuildFile; fileRef = 13093E772F6CFB3800F61090 /* DigiMaliApp.swift */; };
		13093E7C2F6CFB3D00F61090 /* Assets.xcassets in Resources */ = {isa = PBXBuildFile; fileRef = 13093E7B2F6CFB3D00F61090 /* Assets.xcassets */; };
		13093E7F2F6CFB3D00F61090 /* Preview Assets.xcassets in Resources */ = {isa = PBXBuildFile; fileRef = 13093E7E2F6CFB3D00F61090 /* Preview Assets.xcassets */; };
		13093E812F6CFB3D00F61090 /* Persistence.swift in Sources */ = {isa = PBXBuildFile; fileRef = 13093E802F6CFB3D00F61090 /* Persistence.swift */; };
		13093E842F6CFB3D00F61090 /* DigiMali.xcdatamodeld in Sources */ = {isa = PBXBuildFile; fileRef = 13093E822F6CFB3D00F61090 /* DigiMali.xcdatamodeld */; };
		13093E8F2F6CFB3E00F61090 /* DigiMaliTests.swift in Sources */ = {isa = PBXBuildFile; fileRef = 13093E8E2F6CFB3E00F61090 /* DigiMaliTests.swift */; };
		13093E992F6CFB3E00F61090 /* DigiMaliUITests.swift in Sources */ = {isa = PBXBuildFile; fileRef = 13093E982F6CFB3E00F61090 /* DigiMaliUITests.swift */; };
		13093E9B2F6CFB3E00F61090 /* DigiMaliUITestsLaunchTests.swift in Sources */ = {isa = PBXBuildFile; fileRef = 13093E9A2F6CFB3E00F61090 /* DigiMaliUITestsLaunchTests.swift */; };
		13093EAB2F6D98C500F61090 /* Launch Screen.storyboard in Resources */ = {isa = PBXBuildFile; fileRef = 13093EAA2F6D98C500F61090 /* Launch Screen.storyboard */; };
		13093EB52F703D7300F61090 /* AppBackground.swift in Sources */ = {isa = PBXBuildFile; fileRef = 13093EB42F703D7300F61090 /* AppBackground.swift */; };
		13093EB72F7057CB00F61090 /* Header Digimali.swift in Sources */ = {isa = PBXBuildFile; fileRef = 13093EB62F7057CB00F61090 /* Header Digimali.swift */; };
		134BC5752F8555C000BBFAB0 /* LoginModel.swift in Sources */ = {isa = PBXBuildFile; fileRef = 134BC5742F8555C000BBFAB0 /* LoginModel.swift */; };
		134BC5782F8556B500BBFAB0 /* APIService.swift in Sources */ = {isa = PBXBuildFile; fileRef = 134BC5772F8556B500BBFAB0 /* APIService.swift */; };
		134DD02C2F881A3000C0ED23 /* SignUpView.swift in Sources */ = {isa = PBXBuildFile; fileRef = 134DD02B2F881A3000C0ED23 /* SignUpView.swift */; };
		134EBE5D2F71898F0045A8F5 /* LoginScreen.swift in Sources */ = {isa = PBXBuildFile; fileRef = 134EBE5C2F71898F0045A8F5 /* LoginScreen.swift */; };
		13A6897E2F76CFE4004D57F1 /* ForgotPasswordVerificationCodeScreen.swift in Sources */ = {isa = PBXBuildFile; fileRef = 13A6897D2F76CFE4004D57F1 /* ForgotPasswordVerificationCodeScreen.swift */; };
		13DDB7332F8BAA00002BC65F /* Login:SignUp.swift in Sources */ = {isa = PBXBuildFile; fileRef = 13DDB7322F8BAA00002BC65F /* Login:SignUp.swift */; };
		13DDB7352F8BAB2E002BC65F /* LoginUpdatePassword.swift in Sources */ = {isa = PBXBuildFile; fileRef = 13DDB7342F8BAB2E002BC65F /* LoginUpdatePassword.swift */; };
		13DDB73B2F8BB769002BC65F /* SignUpScreen.swift in Sources */ = {isa = PBXBuildFile; fileRef = 13DDB73A2F8BB769002BC65F /* SignUpScreen.swift */; };
		13DDB73D2F8BB917002BC65F /* SignUpModel.swift in Sources */ = {isa = PBXBuildFile; fileRef = 13DDB73C2F8BB917002BC65F /* SignUpModel.swift */; };
		13DDB73F2F8BC7C8002BC65F /* SignUpScreenAddress.swift in Sources */ = {isa = PBXBuildFile; fileRef = 13DDB73E2F8BC7C8002BC65F /* SignUpScreenAddress.swift */; };
		13F773E42F85644F00F75BC9 /* LoginViewModel.swift in Sources */ = {isa = PBXBuildFile; fileRef = 13F773E32F85644F00F75BC9 /* LoginViewModel.swift */; };
		13FD31DE2F754F3A0029122A /* Color.swift in Sources */ = {isa = PBXBuildFile; fileRef = 13FD31DD2F754F390029122A /* Color.swift */; };
		13FD31E02F7554BB0029122A /* CardView.swift in Sources */ = {isa = PBXBuildFile; fileRef = 13FD31DF2F7554BB0029122A /* CardView.swift */; };
		13FD31E32F757F470029122A /* AppTextField.swift in Sources */ = {isa = PBXBuildFile; fileRef = 13FD31E22F757F470029122A /* AppTextField.swift */; };
		13FD31E52F7580D30029122A /* AppButton.swift in Sources */ = {isa = PBXBuildFile; fileRef = 13FD31E42F7580D30029122A /* AppButton.swift */; };
/* End PBXBuildFile section */

/* Begin PBXContainerItemProxy section */
		13093E8B2F6CFB3E00F61090 /* PBXContainerItemProxy */ = {
			isa = PBXContainerItemProxy;
			containerPortal = 13093E6C2F6CFB3800F61090 /* Project object */;
			proxyType = 1;
			remoteGlobalIDString = 13093E732F6CFB3800F61090;
			remoteInfo = DigiMali;
		};
		13093E952F6CFB3E00F61090 /* PBXContainerItemProxy */ = {
			isa = PBXContainerItemProxy;
			containerPortal = 13093E6C2F6CFB3800F61090 /* Project object */;
			proxyType = 1;
			remoteGlobalIDString = 13093E732F6CFB3800F61090;
			remoteInfo = DigiMali;
		};
/* End PBXContainerItemProxy section */

/* Begin PBXFileReference section */
		13093E742F6CFB3800F61090 /* DigiMali.app */ = {isa = PBXFileReference; explicitFileType = wrapper.application; includeInIndex = 0; path = DigiMali.app; sourceTree = BUILT_PRODUCTS_DIR; };
		13093E772F6CFB3800F61090 /* DigiMaliApp.swift */ = {isa = PBXFileReference; lastKnownFileType = sourcecode.swift; path = DigiMaliApp.swift; sourceTree = "<group>"; };
		13093E7B2F6CFB3D00F61090 /* Assets.xcassets */ = {isa = PBXFileReference; lastKnownFileType = folder.assetcatalog; path = Assets.xcassets; sourceTree = "<group>"; };
		13093E7E2F6CFB3D00F61090 /* Preview Assets.xcassets */ = {isa = PBXFileReference; lastKnownFileType = folder.assetcatalog; path = "Preview Assets.xcassets"; sourceTree = "<group>"; };
		13093E802F6CFB3D00F61090 /* Persistence.swift */ = {isa = PBXFileReference; lastKnownFileType = sourcecode.swift; path = Persistence.swift; sourceTree = "<group>"; };
		13093E832F6CFB3D00F61090 /* DigiMali.xcdatamodel */ = {isa = PBXFileReference; lastKnownFileType = wrapper.xcdatamodel; path = DigiMali.xcdatamodel; sourceTree = "<group>"; };
		13093E852F6CFB3D00F61090 /* Info.plist */ = {isa = PBXFileReference; lastKnownFileType = text.plist.xml; path = Info.plist; sourceTree = "<group>"; };
		13093E8A2F6CFB3E00F61090 /* DigiMaliTests.xctest */ = {isa = PBXFileReference; explicitFileType = wrapper.cfbundle; includeInIndex = 0; path = DigiMaliTests.xctest; sourceTree = BUILT_PRODUCTS_DIR; };
		13093E8E2F6CFB3E00F61090 /* DigiMaliTests.swift */ = {isa = PBXFileReference; lastKnownFileType = sourcecode.swift; path = DigiMaliTests.swift; sourceTree = "<group>"; };
		13093E942F6CFB3E00F61090 /* DigiMaliUITests.xctest */ = {isa = PBXFileReference; explicitFileType = wrapper.cfbundle; includeInIndex = 0; path = DigiMaliUITests.xctest; sourceTree = BUILT_PRODUCTS_DIR; };
		13093E982F6CFB3E00F61090 /* DigiMaliUITests.swift */ = {isa = PBXFileReference; lastKnownFileType = sourcecode.swift; path = DigiMaliUITests.swift; sourceTree = "<group>"; };
		13093E9A2F6CFB3E00F61090 /* DigiMaliUITestsLaunchTests.swift */ = {isa = PBXFileReference; lastKnownFileType = sourcecode.swift; path = DigiMaliUITestsLaunchTests.swift; sourceTree = "<group>"; };
		13093EAA2F6D98C500F61090 /* Launch Screen.storyboard */ = {isa = PBXFileReference; lastKnownFileType = file.storyboard; path = "Launch Screen.storyboard"; sourceTree = "<group>"; };
		13093EB42F703D7300F61090 /* AppBackground.swift */ = {isa = PBXFileReference; lastKnownFileType = sourcecode.swift; path = AppBackground.swift; sourceTree = "<group>"; };
		13093EB62F7057CB00F61090 /* Header Digimali.swift */ = {isa = PBXFileReference; lastKnownFileType = sourcecode.swift; path = "Header Digimali.swift"; sourceTree = "<group>"; };
		134BC5742F8555C000BBFAB0 /* LoginModel.swift */ = {isa = PBXFileReference; lastKnownFileType = sourcecode.swift; path = LoginModel.swift; sourceTree = "<group>"; };
		134BC5772F8556B500BBFAB0 /* APIService.swift */ = {isa = PBXFileReference; lastKnownFileType = sourcecode.swift; path = APIService.swift; sourceTree = "<group>"; };
		134DD02B2F881A3000C0ED23 /* SignUpView.swift */ = {isa = PBXFileReference; lastKnownFileType = sourcecode.swift; path = SignUpView.swift; sourceTree = "<group>"; };
		134EBE5C2F71898F0045A8F5 /* LoginScreen.swift */ = {isa = PBXFileReference; lastKnownFileType = sourcecode.swift; path = LoginScreen.swift; sourceTree = "<group>"; };
		13A6897D2F76CFE4004D57F1 /* ForgotPasswordVerificationCodeScreen.swift */ = {isa = PBXFileReference; lastKnownFileType = sourcecode.swift; path = ForgotPasswordVerificationCodeScreen.swift; sourceTree = "<group>"; };
		13DDB7322F8BAA00002BC65F /* Login:SignUp.swift */ = {isa = PBXFileReference; lastKnownFileType = sourcecode.swift; path = "Login:SignUp.swift"; sourceTree = "<group>"; };
		13DDB7342F8BAB2E002BC65F /* LoginUpdatePassword.swift */ = {isa = PBXFileReference; lastKnownFileType = sourcecode.swift; path = LoginUpdatePassword.swift; sourceTree = "<group>"; };
		13DDB73A2F8BB769002BC65F /* SignUpScreen.swift */ = {isa = PBXFileReference; lastKnownFileType = sourcecode.swift; path = SignUpScreen.swift; sourceTree = "<group>"; };
		13DDB73C2F8BB917002BC65F /* SignUpModel.swift */ = {isa = PBXFileReference; lastKnownFileType = sourcecode.swift; path = SignUpModel.swift; sourceTree = "<group>"; };
		13DDB73E2F8BC7C8002BC65F /* SignUpScreenAddress.swift */ = {isa = PBXFileReference; lastKnownFileType = sourcecode.swift; path = SignUpScreenAddress.swift; sourceTree = "<group>"; };
		13F773E32F85644F00F75BC9 /* LoginViewModel.swift */ = {isa = PBXFileReference; lastKnownFileType = sourcecode.swift; path = LoginViewModel.swift; sourceTree = "<group>"; };
		13FD31DD2F754F390029122A /* Color.swift */ = {isa = PBXFileReference; lastKnownFileType = sourcecode.swift; path = Color.swift; sourceTree = "<group>"; };
		13FD31DF2F7554BB0029122A /* CardView.swift */ = {isa = PBXFileReference; lastKnownFileType = sourcecode.swift; path = CardView.swift; sourceTree = "<group>"; };
		13FD31E22F757F470029122A /* AppTextField.swift */ = {isa = PBXFileReference; lastKnownFileType = sourcecode.swift; path = AppTextField.swift; sourceTree = "<group>"; };
		13FD31E42F7580D30029122A /* AppButton.swift */ = {isa = PBXFileReference; lastKnownFileType = sourcecode.swift; path = AppButton.swift; sourceTree = "<group>"; };
/* End PBXFileReference section */

/* Begin PBXFrameworksBuildPhase section */
		13093E712F6CFB3800F61090 /* Frameworks */ = {
			isa = PBXFrameworksBuildPhase;
			buildActionMask = 2147483647;
			files = (
			);
			runOnlyForDeploymentPostprocessing = 0;
		};
		13093E872F6CFB3E00F61090 /* Frameworks */ = {
			isa = PBXFrameworksBuildPhase;
			buildActionMask = 2147483647;
			files = (
			);
			runOnlyForDeploymentPostprocessing = 0;
		};
		13093E912F6CFB3E00F61090 /* Frameworks */ = {
			isa = PBXFrameworksBuildPhase;
			buildActionMask = 2147483647;
			files = (
			);
			runOnlyForDeploymentPostprocessing = 0;
		};
/* End PBXFrameworksBuildPhase section */

/* Begin PBXGroup section */
		13093E6B2F6CFB3800F61090 = {
			isa = PBXGroup;
			children = (
				13093E762F6CFB3800F61090 /* DigiMali */,
				13093E8D2F6CFB3E00F61090 /* DigiMaliTests */,
				13093E972F6CFB3E00F61090 /* DigiMaliUITests */,
				13093E752F6CFB3800F61090 /* Products */,
			);
			sourceTree = "<group>";
		};
		13093E752F6CFB3800F61090 /* Products */ = {
			isa = PBXGroup;
			children = (
				13093E742F6CFB3800F61090 /* DigiMali.app */,
				13093E8A2F6CFB3E00F61090 /* DigiMaliTests.xctest */,
				13093E942F6CFB3E00F61090 /* DigiMaliUITests.xctest */,
			);
			name = Products;
			sourceTree = "<group>";
		};
		13093E762F6CFB3800F61090 /* DigiMali */ = {
			isa = PBXGroup;
			children = (
				13093E772F6CFB3800F61090 /* DigiMaliApp.swift */,
				134BC5762F85568100BBFAB0 /* Service */,
				13093EA72F6D985600F61090 /* Models */,
				13093EA92F6D988700F61090 /* ViewsModels */,
				13093EA82F6D987300F61090 /* Views */,
				13093E7B2F6CFB3D00F61090 /* Assets.xcassets */,
				13093E802F6CFB3D00F61090 /* Persistence.swift */,
				13093E852F6CFB3D00F61090 /* Info.plist */,
				13093E822F6CFB3D00F61090 /* DigiMali.xcdatamodeld */,
				13093E7D2F6CFB3D00F61090 /* Preview Content */,
			);
			path = DigiMali;
			sourceTree = "<group>";
		};
		13093E7D2F6CFB3D00F61090 /* Preview Content */ = {
			isa = PBXGroup;
			children = (
				13093E7E2F6CFB3D00F61090 /* Preview Assets.xcassets */,
			);
			path = "Preview Content";
			sourceTree = "<group>";
		};
		13093E8D2F6CFB3E00F61090 /* DigiMaliTests */ = {
			isa = PBXGroup;
			children = (
				13093E8E2F6CFB3E00F61090 /* DigiMaliTests.swift */,
			);
			path = DigiMaliTests;
			sourceTree = "<group>";
		};
		13093E972F6CFB3E00F61090 /* DigiMaliUITests */ = {
			isa = PBXGroup;
			children = (
				13093E982F6CFB3E00F61090 /* DigiMaliUITests.swift */,
				13093E9A2F6CFB3E00F61090 /* DigiMaliUITestsLaunchTests.swift */,
			);
			path = DigiMaliUITests;
			sourceTree = "<group>";
		};
		13093EA72F6D985600F61090 /* Models */ = {
			isa = PBXGroup;
			children = (
				134BC5742F8555C000BBFAB0 /* LoginModel.swift */,
				13DDB73C2F8BB917002BC65F /* SignUpModel.swift */,
			);
			path = Models;
			sourceTree = "<group>";
		};
		13093EA82F6D987300F61090 /* Views */ = {
			isa = PBXGroup;
			children = (
				13FD31E12F757D200029122A /* Components */,
				13FD31DC2F754F140029122A /* Extension */,
				134EBE5B2F7189750045A8F5 /* Auth */,
				13093EAA2F6D98C500F61090 /* Launch Screen.storyboard */,
			);
			path = Views;
			sourceTree = "<group>";
		};
		13093EA92F6D988700F61090 /* ViewsModels */ = {
			isa = PBXGroup;
			children = (
				13F773E32F85644F00F75BC9 /* LoginViewModel.swift */,
			);
			path = ViewsModels;
			sourceTree = "<group>";
		};
		134BC5762F85568100BBFAB0 /* Service */ = {
			isa = PBXGroup;
			children = (
				134BC5772F8556B500BBFAB0 /* APIService.swift */,
			);
			path = Service;
			sourceTree = "<group>";
		};
		134EBE5B2F7189750045A8F5 /* Auth */ = {
			isa = PBXGroup;
			children = (
				13DDB7322F8BAA00002BC65F /* Login:SignUp.swift */,
				13DDB7312F8BA932002BC65F /* Login */,
				13DDB7392F8BB744002BC65F /* Sign Up */,
				134DD02B2F881A3000C0ED23 /* SignUpView.swift */,
			);
			path = Auth;
			sourceTree = "<group>";
		};
		13DDB7312F8BA932002BC65F /* Login */ = {
			isa = PBXGroup;
			children = (
				134EBE5C2F71898F0045A8F5 /* LoginScreen.swift */,
				13A6897D2F76CFE4004D57F1 /* ForgotPasswordVerificationCodeScreen.swift */,
				13DDB7342F8BAB2E002BC65F /* LoginUpdatePassword.swift */,
			);
			path = Login;
			sourceTree = "<group>";
		};
		13DDB7392F8BB744002BC65F /* Sign Up */ = {
			isa = PBXGroup;
			children = (
				13DDB73A2F8BB769002BC65F /* SignUpScreen.swift */,
				13DDB73E2F8BC7C8002BC65F /* SignUpScreenAddress.swift */,
			);
			path = "Sign Up";
			sourceTree = "<group>";
		};
		13FD31DC2F754F140029122A /* Extension */ = {
			isa = PBXGroup;
			children = (
				13FD31DD2F754F390029122A /* Color.swift */,
			);
			path = Extension;
			sourceTree = "<group>";
		};
		13FD31E12F757D200029122A /* Components */ = {
			isa = PBXGroup;
			children = (
				13FD31DF2F7554BB0029122A /* CardView.swift */,
				13093EB62F7057CB00F61090 /* Header Digimali.swift */,
				13093EB42F703D7300F61090 /* AppBackground.swift */,
				13FD31E22F757F470029122A /* AppTextField.swift */,
				13FD31E42F7580D30029122A /* AppButton.swift */,
			);
			path = Components;
			sourceTree = "<group>";
		};
/* End PBXGroup section */

/* Begin PBXNativeTarget section */
		13093E732F6CFB3800F61090 /* DigiMali */ = {
			isa = PBXNativeTarget;
			buildConfigurationList = 13093E9E2F6CFB3E00F61090 /* Build configuration list for PBXNativeTarget "DigiMali" */;
			buildPhases = (
				13093E702F6CFB3800F61090 /* Sources */,
				13093E712F6CFB3800F61090 /* Frameworks */,
				13093E722F6CFB3800F61090 /* Resources */,
			);
			buildRules = (
			);
			dependencies = (
			);
			name = DigiMali;
			productName = DigiMali;
			productReference = 13093E742F6CFB3800F61090 /* DigiMali.app */;
			productType = "com.apple.product-type.application";
		};
		13093E892F6CFB3E00F61090 /* DigiMaliTests */ = {
			isa = PBXNativeTarget;
			buildConfigurationList = 13093EA12F6CFB3E00F61090 /* Build configuration list for PBXNativeTarget "DigiMaliTests" */;
			buildPhases = (
				13093E862F6CFB3E00F61090 /* Sources */,
				13093E872F6CFB3E00F61090 /* Frameworks */,
				13093E882F6CFB3E00F61090 /* Resources */,
			);
			buildRules = (
			);
			dependencies = (
				13093E8C2F6CFB3E00F61090 /* PBXTargetDependency */,
			);
			name = DigiMaliTests;
			productName = DigiMaliTests;
			productReference = 13093E8A2F6CFB3E00F61090 /* DigiMaliTests.xctest */;
			productType = "com.apple.product-type.bundle.unit-test";
		};
		13093E932F6CFB3E00F61090 /* DigiMaliUITests */ = {
			isa = PBXNativeTarget;
			buildConfigurationList = 13093EA42F6CFB3E00F61090 /* Build configuration list for PBXNativeTarget "DigiMaliUITests" */;
			buildPhases = (
				13093E902F6CFB3E00F61090 /* Sources */,
				13093E912F6CFB3E00F61090 /* Frameworks */,
				13093E922F6CFB3E00F61090 /* Resources */,
			);
			buildRules = (
			);
			dependencies = (
				13093E962F6CFB3E00F61090 /* PBXTargetDependency */,
			);
			name = DigiMaliUITests;
			productName = DigiMaliUITests;
			productReference = 13093E942F6CFB3E00F61090 /* DigiMaliUITests.xctest */;
			productType = "com.apple.product-type.bundle.ui-testing";
		};
/* End PBXNativeTarget section */

/* Begin PBXProject section */
		13093E6C2F6CFB3800F61090 /* Project object */ = {
			isa = PBXProject;
			attributes = {
				BuildIndependentTargetsInParallel = 1;
				LastSwiftUpdateCheck = 1420;
				LastUpgradeCheck = 1420;
				TargetAttributes = {
					13093E732F6CFB3800F61090 = {
						CreatedOnToolsVersion = 14.2;
					};
					13093E892F6CFB3E00F61090 = {
						CreatedOnToolsVersion = 14.2;
						TestTargetID = 13093E732F6CFB3800F61090;
					};
					13093E932F6CFB3E00F61090 = {
						CreatedOnToolsVersion = 14.2;
						TestTargetID = 13093E732F6CFB3800F61090;
					};
				};
			};
			buildConfigurationList = 13093E6F2F6CFB3800F61090 /* Build configuration list for PBXProject "DigiMali" */;
			compatibilityVersion = "Xcode 14.0";
			developmentRegion = en;
			hasScannedForEncodings = 0;
			knownRegions = (
				en,
				Base,
			);
			mainGroup = 13093E6B2F6CFB3800F61090;
			productRefGroup = 13093E752F6CFB3800F61090 /* Products */;
			projectDirPath = "";
			projectRoot = "";
			targets = (
				13093E732F6CFB3800F61090 /* DigiMali */,
				13093E892F6CFB3E00F61090 /* DigiMaliTests */,
				13093E932F6CFB3E00F61090 /* DigiMaliUITests */,
			);
		};
/* End PBXProject section */

/* Begin PBXResourcesBuildPhase section */
		13093E722F6CFB3800F61090 /* Resources */ = {
			isa = PBXResourcesBuildPhase;
			buildActionMask = 2147483647;
			files = (
				13093EAB2F6D98C500F61090 /* Launch Screen.storyboard in Resources */,
				13093E7F2F6CFB3D00F61090 /* Preview Assets.xcassets in Resources */,
				13093E7C2F6CFB3D00F61090 /* Assets.xcassets in Resources */,
			);
			runOnlyForDeploymentPostprocessing = 0;
		};
		13093E882F6CFB3E00F61090 /* Resources */ = {
			isa = PBXResourcesBuildPhase;
			buildActionMask = 2147483647;
			files = (
			);
			runOnlyForDeploymentPostprocessing = 0;
		};
		13093E922F6CFB3E00F61090 /* Resources */ = {
			isa = PBXResourcesBuildPhase;
			buildActionMask = 2147483647;
			files = (
			);
			runOnlyForDeploymentPostprocessing = 0;
		};
/* End PBXResourcesBuildPhase section */

/* Begin PBXSourcesBuildPhase section */
		13093E702F6CFB3800F61090 /* Sources */ = {
			isa = PBXSourcesBuildPhase;
			buildActionMask = 2147483647;
			files = (
				13FD31E52F7580D30029122A /* AppButton.swift in Sources */,
				13093E812F6CFB3D00F61090 /* Persistence.swift in Sources */,
				13FD31E02F7554BB0029122A /* CardView.swift in Sources */,
				13DDB7352F8BAB2E002BC65F /* LoginUpdatePassword.swift in Sources */,
				13093EB72F7057CB00F61090 /* Header Digimali.swift in Sources */,
				13093E842F6CFB3D00F61090 /* DigiMali.xcdatamodeld in Sources */,
				134EBE5D2F71898F0045A8F5 /* LoginScreen.swift in Sources */,
				13A6897E2F76CFE4004D57F1 /* ForgotPasswordVerificationCodeScreen.swift in Sources */,
				13F773E42F85644F00F75BC9 /* LoginViewModel.swift in Sources */,
				134BC5782F8556B500BBFAB0 /* APIService.swift in Sources */,
				134BC5752F8555C000BBFAB0 /* LoginModel.swift in Sources */,
				13DDB73B2F8BB769002BC65F /* SignUpScreen.swift in Sources */,
				13DDB73D2F8BB917002BC65F /* SignUpModel.swift in Sources */,
				13FD31DE2F754F3A0029122A /* Color.swift in Sources */,
				134DD02C2F881A3000C0ED23 /* SignUpView.swift in Sources */,
				13093E782F6CFB3800F61090 /* DigiMaliApp.swift in Sources */,
				13DDB73F2F8BC7C8002BC65F /* SignUpScreenAddress.swift in Sources */,
				13093EB52F703D7300F61090 /* AppBackground.swift in Sources */,
				13FD31E32F757F470029122A /* AppTextField.swift in Sources */,
				13DDB7332F8BAA00002BC65F /* Login:SignUp.swift in Sources */,
			);
			runOnlyForDeploymentPostprocessing = 0;
		};
		13093E862F6CFB3E00F61090 /* Sources */ = {
			isa = PBXSourcesBuildPhase;
			buildActionMask = 2147483647;
			files = (
				13093E8F2F6CFB3E00F61090 /* DigiMaliTests.swift in Sources */,
			);
			runOnlyForDeploymentPostprocessing = 0;
		};
		13093E902F6CFB3E00F61090 /* Sources */ = {
			isa = PBXSourcesBuildPhase;
			buildActionMask = 2147483647;
			files = (
				13093E9B2F6CFB3E00F61090 /* DigiMaliUITestsLaunchTests.swift in Sources */,
				13093E992F6CFB3E00F61090 /* DigiMaliUITests.swift in Sources */,
			);
			runOnlyForDeploymentPostprocessing = 0;
		};
/* End PBXSourcesBuildPhase section */

/* Begin PBXTargetDependency section */
		13093E8C2F6CFB3E00F61090 /* PBXTargetDependency */ = {
			isa = PBXTargetDependency;
			target = 13093E732F6CFB3800F61090 /* DigiMali */;
			targetProxy = 13093E8B2F6CFB3E00F61090 /* PBXContainerItemProxy */;
		};
		13093E962F6CFB3E00F61090 /* PBXTargetDependency */ = {
			isa = PBXTargetDependency;
			target = 13093E732F6CFB3800F61090 /* DigiMali */;
			targetProxy = 13093E952F6CFB3E00F61090 /* PBXContainerItemProxy */;
		};
/* End PBXTargetDependency section */

/* Begin XCBuildConfiguration section */
		13093E9C2F6CFB3E00F61090 /* Debug */ = {
			isa = XCBuildConfiguration;
			buildSettings = {
				ALWAYS_SEARCH_USER_PATHS = NO;
				CLANG_ANALYZER_NONNULL = YES;
				CLANG_ANALYZER_NUMBER_OBJECT_CONVERSION = YES_AGGRESSIVE;
				CLANG_CXX_LANGUAGE_STANDARD = "gnu++20";
				CLANG_ENABLE_MODULES = YES;
				CLANG_ENABLE_OBJC_ARC = YES;
				CLANG_ENABLE_OBJC_WEAK = YES;
				CLANG_WARN_BLOCK_CAPTURE_AUTORELEASING = YES;
				CLANG_WARN_BOOL_CONVERSION = YES;
				CLANG_WARN_COMMA = YES;
				CLANG_WARN_CONSTANT_CONVERSION = YES;
				CLANG_WARN_DEPRECATED_OBJC_IMPLEMENTATIONS = YES;
				CLANG_WARN_DIRECT_OBJC_ISA_USAGE = YES_ERROR;
				CLANG_WARN_DOCUMENTATION_COMMENTS = YES;
				CLANG_WARN_EMPTY_BODY = YES;
				CLANG_WARN_ENUM_CONVERSION = YES;
				CLANG_WARN_INFINITE_RECURSION = YES;
				CLANG_WARN_INT_CONVERSION = YES;
				CLANG_WARN_NON_LITERAL_NULL_CONVERSION = YES;
				CLANG_WARN_OBJC_IMPLICIT_RETAIN_SELF = YES;
				CLANG_WARN_OBJC_LITERAL_CONVERSION = YES;
				CLANG_WARN_OBJC_ROOT_CLASS = YES_ERROR;
				CLANG_WARN_QUOTED_INCLUDE_IN_FRAMEWORK_HEADER = YES;
				CLANG_WARN_RANGE_LOOP_ANALYSIS = YES;
				CLANG_WARN_STRICT_PROTOTYPES = YES;
				CLANG_WARN_SUSPICIOUS_MOVE = YES;
				CLANG_WARN_UNGUARDED_AVAILABILITY = YES_AGGRESSIVE;
				CLANG_WARN_UNREACHABLE_CODE = YES;
				CLANG_WARN__DUPLICATE_METHOD_MATCH = YES;
				COPY_PHASE_STRIP = NO;
				DEBUG_INFORMATION_FORMAT = dwarf;
				ENABLE_STRICT_OBJC_MSGSEND = YES;
				ENABLE_TESTABILITY = YES;
				GCC_C_LANGUAGE_STANDARD = gnu11;
				GCC_DYNAMIC_NO_PIC = NO;
				GCC_NO_COMMON_BLOCKS = YES;
				GCC_OPTIMIZATION_LEVEL = 0;
				GCC_PREPROCESSOR_DEFINITIONS = (
					"DEBUG=1",
					"$(inherited)",
				);
				GCC_WARN_64_TO_32_BIT_CONVERSION = YES;
				GCC_WARN_ABOUT_RETURN_TYPE = YES_ERROR;
				GCC_WARN_UNDECLARED_SELECTOR = YES;
				GCC_WARN_UNINITIALIZED_AUTOS = YES_AGGRESSIVE;
				GCC_WARN_UNUSED_FUNCTION = YES;
				GCC_WARN_UNUSED_VARIABLE = YES;
				IPHONEOS_DEPLOYMENT_TARGET = 16.2;
				MTL_ENABLE_DEBUG_INFO = INCLUDE_SOURCE;
				MTL_FAST_MATH = YES;
				ONLY_ACTIVE_ARCH = YES;
				SDKROOT = iphoneos;
				SWIFT_ACTIVE_COMPILATION_CONDITIONS = DEBUG;
				SWIFT_OPTIMIZATION_LEVEL = "-Onone";
			};
			name = Debug;
		};
		13093E9D2F6CFB3E00F61090 /* Release */ = {
			isa = XCBuildConfiguration;
			buildSettings = {
				ALWAYS_SEARCH_USER_PATHS = NO;
				CLANG_ANALYZER_NONNULL = YES;
				CLANG_ANALYZER_NUMBER_OBJECT_CONVERSION = YES_AGGRESSIVE;
				CLANG_CXX_LANGUAGE_STANDARD = "gnu++20";
				CLANG_ENABLE_MODULES = YES;
				CLANG_ENABLE_OBJC_ARC = YES;
				CLANG_ENABLE_OBJC_WEAK = YES;
				CLANG_WARN_BLOCK_CAPTURE_AUTORELEASING = YES;
				CLANG_WARN_BOOL_CONVERSION = YES;
				CLANG_WARN_COMMA = YES;
				CLANG_WARN_CONSTANT_CONVERSION = YES;
				CLANG_WARN_DEPRECATED_OBJC_IMPLEMENTATIONS = YES;
				CLANG_WARN_DIRECT_OBJC_ISA_USAGE = YES_ERROR;
				CLANG_WARN_DOCUMENTATION_COMMENTS = YES;
				CLANG_WARN_EMPTY_BODY = YES;
				CLANG_WARN_ENUM_CONVERSION = YES;
				CLANG_WARN_INFINITE_RECURSION = YES;
				CLANG_WARN_INT_CONVERSION = YES;
				CLANG_WARN_NON_LITERAL_NULL_CONVERSION = YES;
				CLANG_WARN_OBJC_IMPLICIT_RETAIN_SELF = YES;
				CLANG_WARN_OBJC_LITERAL_CONVERSION = YES;
				CLANG_WARN_OBJC_ROOT_CLASS = YES_ERROR;
				CLANG_WARN_QUOTED_INCLUDE_IN_FRAMEWORK_HEADER = YES;
				CLANG_WARN_RANGE_LOOP_ANALYSIS = YES;
				CLANG_WARN_STRICT_PROTOTYPES = YES;
				CLANG_WARN_SUSPICIOUS_MOVE = YES;
				CLANG_WARN_UNGUARDED_AVAILABILITY = YES_AGGRESSIVE;
				CLANG_WARN_UNREACHABLE_CODE = YES;
				CLANG_WARN__DUPLICATE_METHOD_MATCH = YES;
				COPY_PHASE_STRIP = NO;
				DEBUG_INFORMATION_FORMAT = "dwarf-with-dsym";
				ENABLE_NS_ASSERTIONS = NO;
				ENABLE_STRICT_OBJC_MSGSEND = YES;
				GCC_C_LANGUAGE_STANDARD = gnu11;
				GCC_NO_COMMON_BLOCKS = YES;
				GCC_WARN_64_TO_32_BIT_CONVERSION = YES;
				GCC_WARN_ABOUT_RETURN_TYPE = YES_ERROR;
				GCC_WARN_UNDECLARED_SELECTOR = YES;
				GCC_WARN_UNINITIALIZED_AUTOS = YES_AGGRESSIVE;
				GCC_WARN_UNUSED_FUNCTION = YES;
				GCC_WARN_UNUSED_VARIABLE = YES;
				IPHONEOS_DEPLOYMENT_TARGET = 16.2;
				MTL_ENABLE_DEBUG_INFO = NO;
				MTL_FAST_MATH = YES;
				SDKROOT = iphoneos;
				SWIFT_COMPILATION_MODE = wholemodule;
				SWIFT_OPTIMIZATION_LEVEL = "-O";
				VALIDATE_PRODUCT = YES;
			};
			name = Release;
		};
		13093E9F2F6CFB3E00F61090 /* Debug */ = {
			isa = XCBuildConfiguration;
			buildSettings = {
				ASSETCATALOG_COMPILER_APPICON_NAME = AppIcon;
				ASSETCATALOG_COMPILER_GLOBAL_ACCENT_COLOR_NAME = AccentColor;
				CODE_SIGN_STYLE = Automatic;
				CURRENT_PROJECT_VERSION = 1;
				DEVELOPMENT_ASSET_PATHS = "\"DigiMali/Preview Content\"";
				ENABLE_PREVIEWS = YES;
				GENERATE_INFOPLIST_FILE = YES;
				INFOPLIST_KEY_UIApplicationSceneManifest_Generation = YES;
				INFOPLIST_KEY_UIApplicationSupportsIndirectInputEvents = YES;
				INFOPLIST_KEY_UILaunchScreen_Generation = YES;
				INFOPLIST_KEY_UILaunchStoryboardName = "Launch Screen.storyboard";
				INFOPLIST_KEY_UISupportedInterfaceOrientations_iPad = "UIInterfaceOrientationPortrait UIInterfaceOrientationPortraitUpsideDown UIInterfaceOrientationLandscapeLeft UIInterfaceOrientationLandscapeRight";
				INFOPLIST_KEY_UISupportedInterfaceOrientations_iPhone = "UIInterfaceOrientationPortrait UIInterfaceOrientationLandscapeLeft UIInterfaceOrientationLandscapeRight";
				LD_RUNPATH_SEARCH_PATHS = (
					"$(inherited)",
					"@executable_path/Frameworks",
				);
				MARKETING_VERSION = 1.0;
				PRODUCT_BUNDLE_IDENTIFIER = yash.DigiMali;
				PRODUCT_NAME = "$(TARGET_NAME)";
				SWIFT_EMIT_LOC_STRINGS = YES;
				SWIFT_VERSION = 5.0;
				TARGETED_DEVICE_FAMILY = "1,2";
			};
			name = Debug;
		};
		13093EA02F6CFB3E00F61090 /* Release */ = {
			isa = XCBuildConfiguration;
			buildSettings = {
				ASSETCATALOG_COMPILER_APPICON_NAME = AppIcon;
				ASSETCATALOG_COMPILER_GLOBAL_ACCENT_COLOR_NAME = AccentColor;
				CODE_SIGN_STYLE = Automatic;
				CURRENT_PROJECT_VERSION = 1;
				DEVELOPMENT_ASSET_PATHS = "\"DigiMali/Preview Content\"";
				ENABLE_PREVIEWS = YES;
				GENERATE_INFOPLIST_FILE = YES;
				INFOPLIST_KEY_UIApplicationSceneManifest_Generation = YES;
				INFOPLIST_KEY_UIApplicationSupportsIndirectInputEvents = YES;
				INFOPLIST_KEY_UILaunchScreen_Generation = YES;
				INFOPLIST_KEY_UILaunchStoryboardName = "Launch Screen.storyboard";
				INFOPLIST_KEY_UISupportedInterfaceOrientations_iPad = "UIInterfaceOrientationPortrait UIInterfaceOrientationPortraitUpsideDown UIInterfaceOrientationLandscapeLeft UIInterfaceOrientationLandscapeRight";
				INFOPLIST_KEY_UISupportedInterfaceOrientations_iPhone = "UIInterfaceOrientationPortrait UIInterfaceOrientationLandscapeLeft UIInterfaceOrientationLandscapeRight";
				LD_RUNPATH_SEARCH_PATHS = (
					"$(inherited)",
					"@executable_path/Frameworks",
				);
				MARKETING_VERSION = 1.0;
				PRODUCT_BUNDLE_IDENTIFIER = yash.DigiMali;
				PRODUCT_NAME = "$(TARGET_NAME)";
				SWIFT_EMIT_LOC_STRINGS = YES;
				SWIFT_VERSION = 5.0;
				TARGETED_DEVICE_FAMILY = "1,2";
			};
			name = Release;
		};
		13093EA22F6CFB3E00F61090 /* Debug */ = {
			isa = XCBuildConfiguration;
			buildSettings = {
				ALWAYS_EMBED_SWIFT_STANDARD_LIBRARIES = YES;
				BUNDLE_LOADER = "$(TEST_HOST)";
				CODE_SIGN_STYLE = Automatic;
				CURRENT_PROJECT_VERSION = 1;
				GENERATE_INFOPLIST_FILE = YES;
				IPHONEOS_DEPLOYMENT_TARGET = 16.2;
				MARKETING_VERSION = 1.0;
				PRODUCT_BUNDLE_IDENTIFIER = yash.DigiMaliTests;
				PRODUCT_NAME = "$(TARGET_NAME)";
				SWIFT_EMIT_LOC_STRINGS = NO;
				SWIFT_VERSION = 5.0;
				TARGETED_DEVICE_FAMILY = "1,2";
				TEST_HOST = "$(BUILT_PRODUCTS_DIR)/DigiMali.app/$(BUNDLE_EXECUTABLE_FOLDER_PATH)/DigiMali";
			};
			name = Debug;
		};
		13093EA32F6CFB3E00F61090 /* Release */ = {
			isa = XCBuildConfiguration;
			buildSettings = {
				ALWAYS_EMBED_SWIFT_STANDARD_LIBRARIES = YES;
				BUNDLE_LOADER = "$(TEST_HOST)";
				CODE_SIGN_STYLE = Automatic;
				CURRENT_PROJECT_VERSION = 1;
				GENERATE_INFOPLIST_FILE = YES;
				IPHONEOS_DEPLOYMENT_TARGET = 16.2;
				MARKETING_VERSION = 1.0;
				PRODUCT_BUNDLE_IDENTIFIER = yash.DigiMaliTests;
				PRODUCT_NAME = "$(TARGET_NAME)";
				SWIFT_EMIT_LOC_STRINGS = NO;
				SWIFT_VERSION = 5.0;
				TARGETED_DEVICE_FAMILY = "1,2";
				TEST_HOST = "$(BUILT_PRODUCTS_DIR)/DigiMali.app/$(BUNDLE_EXECUTABLE_FOLDER_PATH)/DigiMali";
			};
			name = Release;
		};
		13093EA52F6CFB3E00F61090 /* Debug */ = {
			isa = XCBuildConfiguration;
			buildSettings = {
				ALWAYS_EMBED_SWIFT_STANDARD_LIBRARIES = YES;
				CODE_SIGN_STYLE = Automatic;
				CURRENT_PROJECT_VERSION = 1;
				GENERATE_INFOPLIST_FILE = YES;
				MARKETING_VERSION = 1.0;
				PRODUCT_BUNDLE_IDENTIFIER = yash.DigiMaliUITests;
				PRODUCT_NAME = "$(TARGET_NAME)";
				SWIFT_EMIT_LOC_STRINGS = NO;
				SWIFT_VERSION = 5.0;
				TARGETED_DEVICE_FAMILY = "1,2";
				TEST_TARGET_NAME = DigiMali;
			};
			name = Debug;
		};
		13093EA62F6CFB3E00F61090 /* Release */ = {
			isa = XCBuildConfiguration;
			buildSettings = {
				ALWAYS_EMBED_SWIFT_STANDARD_LIBRARIES = YES;
				CODE_SIGN_STYLE = Automatic;
				CURRENT_PROJECT_VERSION = 1;
				GENERATE_INFOPLIST_FILE = YES;
				MARKETING_VERSION = 1.0;
				PRODUCT_BUNDLE_IDENTIFIER = yash.DigiMaliUITests;
				PRODUCT_NAME = "$(TARGET_NAME)";
				SWIFT_EMIT_LOC_STRINGS = NO;
				SWIFT_VERSION = 5.0;
				TARGETED_DEVICE_FAMILY = "1,2";
				TEST_TARGET_NAME = DigiMali;
			};
			name = Release;
		};
/* End XCBuildConfiguration section */

/* Begin XCConfigurationList section */
		13093E6F2F6CFB3800F61090 /* Build configuration list for PBXProject "DigiMali" */ = {
			isa = XCConfigurationList;
			buildConfigurations = (
				13093E9C2F6CFB3E00F61090 /* Debug */,
				13093E9D2F6CFB3E00F61090 /* Release */,
			);
			defaultConfigurationIsVisible = 0;
			defaultConfigurationName = Release;
		};
		13093E9E2F6CFB3E00F61090 /* Build configuration list for PBXNativeTarget "DigiMali" */ = {
			isa = XCConfigurationList;
			buildConfigurations = (
				13093E9F2F6CFB3E00F61090 /* Debug */,
				13093EA02F6CFB3E00F61090 /* Release */,
			);
			defaultConfigurationIsVisible = 0;
			defaultConfigurationName = Release;
		};
		13093EA12F6CFB3E00F61090 /* Build configuration list for PBXNativeTarget "DigiMaliTests" */ = {
			isa = XCConfigurationList;
			buildConfigurations = (
				13093EA22F6CFB3E00F61090 /* Debug */,
				13093EA32F6CFB3E00F61090 /* Release */,
			);
			defaultConfigurationIsVisible = 0;
			defaultConfigurationName = Release;
		};
		13093EA42F6CFB3E00F61090 /* Build configuration list for PBXNativeTarget "DigiMaliUITests" */ = {
			isa = XCConfigurationList;
			buildConfigurations = (
				13093EA52F6CFB3E00F61090 /* Debug */,
				13093EA62F6CFB3E00F61090 /* Release */,
			);
			defaultConfigurationIsVisible = 0;
			defaultConfigurationName = Release;
		};
/* End XCConfigurationList section */

/* Begin XCVersionGroup section */
		13093E822F6CFB3D00F61090 /* DigiMali.xcdatamodeld */ = {
			isa = XCVersionGroup;
			children = (
				13093E832F6CFB3D00F61090 /* DigiMali.xcdatamodel */,
			);
			currentVersion = 13093E832F6CFB3D00F61090 /* DigiMali.xcdatamodel */;
			path = DigiMali.xcdatamodeld;
			sourceTree = "<group>";
			versionGroupType = wrapper.xcdatamodel;
		};
/* End XCVersionGroup section */
	};
	rootObject = 13093E6C2F6CFB3800F61090 /* Project object */;
}
